// !$*UTF8*$!
{
	archiveVersion = 1;
	classes = {
	};
	objectVersion = 55;
	objects = {

/* Begin PBXBuildFile section */
		6B309D5F2752AAA1007DBCD4 /* AppDelegate.swift in Sources */ = {isa = PBXBuildFile; fileRef = 6B309D5E2752AAA1007DBCD4 /* AppDelegate.swift */; };
		6B309D612752AAA1007DBCD4 /* SceneDelegate.swift in Sources */ = {isa = PBXBuildFile; fileRef = 6B309D602752AAA1007DBCD4 /* SceneDelegate.swift */; };
		6B309D632752AAA1007DBCD4 /* ViewController.swift in Sources */ = {isa = PBXBuildFile; fileRef = 6B309D622752AAA1007DBCD4 /* ViewController.swift */; };
		6B309D662752AAA1007DBCD4 /* Main.storyboard in Resources */ = {isa = PBXBuildFile; fileRef = 6B309D642752AAA1007DBCD4 /* Main.storyboard */; };
		6B309D682752AAA4007DBCD4 /* Assets.xcassets in Resources */ = {isa = PBXBuildFile; fileRef = 6B309D672752AAA4007DBCD4 /* Assets.xcassets */; };
		6B309D6B2752AAA4007DBCD4 /* LaunchScreen.storyboard in Resources */ = {isa = PBXBuildFile; fileRef = 6B309D692752AAA4007DBCD4 /* LaunchScreen.storyboard */; };
		6B309D762752AAA4007DBCD4 /* ChallengeAppTests.swift in Sources */ = {isa = PBXBuildFile; fileRef = 6B309D752752AAA4007DBCD4 /* ChallengeAppTests.swift */; };
		6B309D802752AAA4007DBCD4 /* ChallengeAppUITests.swift in Sources */ = {isa = PBXBuildFile; fileRef = 6B309D7F2752AAA4007DBCD4 /* ChallengeAppUITests.swift */; };
		6B309D822752AAA4007DBCD4 /* ChallengeAppUITestsLaunchTests.swift in Sources */ = {isa = PBXBuildFile; fileRef = 6B309D812752AAA4007DBCD4 /* ChallengeAppUITestsLaunchTests.swift */; };
/* End PBXBuildFile section */

/* Begin PBXContainerItemProxy section */
		6B309D722752AAA4007DBCD4 /* PBXContainerItemProxy */ = {
			isa = PBXContainerItemProxy;
			containerPortal = 6B309D532752AAA1007DBCD4 /* Project object */;
			proxyType = 1;
			remoteGlobalIDString = 6B309D5A2752AAA1007DBCD4;
			remoteInfo = ChallengeApp;
		};
		6B309D7C2752AAA4007DBCD4 /* PBXContainerItemProxy */ = {
			isa = PBXContainerItemProxy;
			containerPortal = 6B309D532752AAA1007DBCD4 /* Project object */;
			proxyType = 1;
			remoteGlobalIDString = 6B309D5A2752AAA1007DBCD4;
			remoteInfo = ChallengeApp;
		};
/* End PBXContainerItemProxy section */

/* Begin PBXFileReference section */
		6B309D5B2752AAA1007DBCD4 /* ChallengeApp.app */ = {isa = PBXFileReference; explicitFileType = wrapper.application; includeInIndex = 0; path = ChallengeApp.app; sourceTree = BUILT_PRODUCTS_DIR; };
		6B309D5E2752AAA1007DBCD4 /* AppDelegate.swift */ = {isa = PBXFileReference; lastKnownFileType = sourcecode.swift; path = AppDelegate.swift; sourceTree = "<group>"; };
		6B309D602752AAA1007DBCD4 /* SceneDelegate.swift */ = {isa = PBXFileReference; lastKnownFileType = sourcecode.swift; path = SceneDelegate.swift; sourceTree = "<group>"; };
		6B309D622752AAA1007DBCD4 /* ViewController.swift */ = {isa = PBXFileReference; lastKnownFileType = sourcecode.swift; path = ViewController.swift; sourceTree = "<group>"; };
		6B309D652752AAA1007DBCD4 /* Base */ = {isa = PBXFileReference; lastKnownFileType = file.storyboard; name = Base; path = Base.lproj/Main.storyboard; sourceTree = "<group>"; };
		6B309D672752AAA4007DBCD4 /* Assets.xcassets */ = {isa = PBXFileReference; lastKnownFileType = folder.assetcatalog; path = Assets.xcassets; sourceTree = "<group>"; };
		6B309D6A2752AAA4007DBCD4 /* Base */ = {isa = PBXFileReference; lastKnownFileType = file.storyboard; name = Base; path = Base.lproj/LaunchScreen.storyboard; sourceTree = "<group>"; };
		6B309D6C2752AAA4007DBCD4 /* Info.plist */ = {isa = PBXFileReference; lastKnownFileType = text.plist.xml; path = Info.plist; sourceTree = "<group>"; };
		6B309D712752AAA4007DBCD4 /* ChallengeAppTests.xctest */ = {isa = PBXFileReference; explicitFileType = wrapper.cfbundle; includeInIndex = 0; path = ChallengeAppTests.xctest; sourceTree = BUILT_PRODUCTS_DIR; };
		6B309D752752AAA4007DBCD4 /* ChallengeAppTests.swift */ = {isa = PBXFileReference; lastKnownFileType = sourcecode.swift; path = ChallengeAppTests.swift; sourceTree = "<group>"; };
		6B309D7B2752AAA4007DBCD4 /* ChallengeAppUITests.xctest */ = {isa = PBXFileReference; explicitFileType = wrapper.cfbundle; includeInIndex = 0; path = ChallengeAppUITests.xctest; sourceTree = BUILT_PRODUCTS_DIR; };
		6B309D7F2752AAA4007DBCD4 /* ChallengeAppUITests.swift */ = {isa = PBXFileReference; lastKnownFileType = sourcecode.swift; path = ChallengeAppUITests.swift; sourceTree = "<group>"; };
		6B309D812752AAA4007DBCD4 /* ChallengeAppUITestsLaunchTests.swift */ = {isa = PBXFileReference; lastKnownFileType = sourcecode.swift; path = ChallengeAppUITestsLaunchTests.swift; sourceTree = "<group>"; };
/* End PBXFileReference section */

/* Begin PBXFrameworksBuildPhase section */
		6B309D582752AAA1007DBCD4 /* Frameworks */ = {
			isa = PBXFrameworksBuildPhase;
			buildActionMask = 2147483647;
			files = (
			);
			runOnlyForDeploymentPostprocessing = 0;
		};
		6B309D6E2752AAA4007DBCD4 /* Frameworks */ = {
			isa = PBXFrameworksBuildPhase;
			buildActionMask = 2147483647;
			files = (
			);
			runOnlyForDeploymentPostprocessing = 0;
		};
		6B309D782752AAA4007DBCD4 /* Frameworks */ = {
			isa = PBXFrameworksBuildPhase;
			buildActionMask = 2147483647;
			files = (
			);
			runOnlyForDeploymentPostprocessing = 0;
		};
/* End PBXFrameworksBuildPhase section */

/* Begin PBXGroup section */
		6B309D522752AAA1007DBCD4 = {
			isa = PBXGroup;
			children = (
				6B309D5D2752AAA1007DBCD4 /* ChallengeApp */,
				6B309D742752AAA4007DBCD4 /* ChallengeAppTests */,
				6B309D7E2752AAA4007DBCD4 /* ChallengeAppUITests */,
				6B309D5C2752AAA1007DBCD4 /* Products */,
			);
			sourceTree = "<group>";
		};
		6B309D5C2752AAA1007DBCD4 /* Products */ = {
			isa = PBXGroup;
			children = (
				6B309D5B2752AAA1007DBCD4 /* ChallengeApp.app */,
				6B309D712752AAA4007DBCD4 /* ChallengeAppTests.xctest */,
				6B309D7B2752AAA4007DBCD4 /* ChallengeAppUITests.xctest */,
			);
			name = Products;
			sourceTree = "<group>";
		};
		6B309D5D2752AAA1007DBCD4 /* ChallengeApp */ = {
			isa = PBXGroup;
			children = (
				6B309D5E2752AAA1007DBCD4 /* AppDelegate.swift */,
				6B309D602752AAA1007DBCD4 /* SceneDelegate.swift */,
				6B309D622752AAA1007DBCD4 /* ViewController.swift */,
				6B309D642752AAA1007DBCD4 /* Main.storyboard */,
				6B309D672752AAA4007DBCD4 /* Assets.xcassets */,
				6B309D692752AAA4007DBCD4 /* LaunchScreen.storyboard */,
				6B309D6C2752AAA4007DBCD4 /* Info.plist */,
			);
			path = ChallengeApp;
			sourceTree = "<group>";
		};
		6B309D742752AAA4007DBCD4 /* ChallengeAppTests */ = {
			isa = PBXGroup;
			children = (
				6B309D752752AAA4007DBCD4 /* ChallengeAppTests.swift */,
			);
			path = ChallengeAppTests;
			sourceTree = "<group>";
		};
		6B309D7E2752AAA4007DBCD4 /* ChallengeAppUITests */ = {
			isa = PBXGroup;
			children = (
				6B309D7F2752AAA4007DBCD4 /* ChallengeAppUITests.swift */,
				6B309D812752AAA4007DBCD4 /* ChallengeAppUITestsLaunchTests.swift */,
			);
			path = ChallengeAppUITests;
			sourceTree = "<group>";
		};
/* End PBXGroup section */

/* Begin PBXNativeTarget section */
		6B309D5A2752AAA1007DBCD4 /* ChallengeApp */ = {
			isa = PBXNativeTarget;
			buildConfigurationList = 6B309D852752AAA4007DBCD4 /* Build configuration list for PBXNativeTarget "ChallengeApp" */;
			buildPhases = (
				6B309D572752AAA1007DBCD4 /* Sources */,
				6B309D582752AAA1007DBCD4 /* Frameworks */,
				6B309D592752AAA1007DBCD4 /* Resources */,
			);
			buildRules = (
			);
			dependencies = (
			);
			name = ChallengeApp;
			productName = ChallengeApp;
			productReference = 6B309D5B2752AAA1007DBCD4 /* ChallengeApp.app */;
			productType = "com.apple.product-type.application";
		};
		6B309D702752AAA4007DBCD4 /* ChallengeAppTests */ = {
			isa = PBXNativeTarget;
			buildConfigurationList = 6B309D882752AAA4007DBCD4 /* Build configuration list for PBXNativeTarget "ChallengeAppTests" */;
			buildPhases = (
				6B309D6D2752AAA4007DBCD4 /* Sources */,
				6B309D6E2752AAA4007DBCD4 /* Frameworks */,
				6B309D6F2752AAA4007DBCD4 /* Resources */,
			);
			buildRules = (
			);
			dependencies = (
				6B309D732752AAA4007DBCD4 /* PBXTargetDependency */,
			);
			name = ChallengeAppTests;
			productName = ChallengeAppTests;
			productReference = 6B309D712752AAA4007DBCD4 /* ChallengeAppTests.xctest */;
			productType = "com.apple.product-type.bundle.unit-test";
		};
		6B309D7A2752AAA4007DBCD4 /* ChallengeAppUITests */ = {
			isa = PBXNativeTarget;
			buildConfigurationList = 6B309D8B2752AAA4007DBCD4 /* Build configuration list for PBXNativeTarget "ChallengeAppUITests" */;
			buildPhases = (
				6B309D772752AAA4007DBCD4 /* Sources */,
				6B309D782752AAA4007DBCD4 /* Frameworks */,
				6B309D792752AAA4007DBCD4 /* Resources */,
			);
			buildRules = (
			);
			dependencies = (
				6B309D7D2752AAA4007DBCD4 /* PBXTargetDependency */,
			);
			name = ChallengeAppUITests;
			productName = ChallengeAppUITests;
			productReference = 6B309D7B2752AAA4007DBCD4 /* ChallengeAppUITests.xctest */;
			productType = "com.apple.product-type.bundle.ui-testing";
		};
/* End PBXNativeTarget section */

/* Begin PBXProject section */
		6B309D532752AAA1007DBCD4 /* Project object */ = {
			isa = PBXProject;
			attributes = {
				BuildIndependentTargetsInParallel = 1;
				LastSwiftUpdateCheck = 1310;
				LastUpgradeCheck = 1310;
				TargetAttributes = {
					6B309D5A2752AAA1007DBCD4 = {
						CreatedOnToolsVersion = 13.1;
					};
					6B309D702752AAA4007DBCD4 = {
						CreatedOnToolsVersion = 13.1;
						TestTargetID = 6B309D5A2752AAA1007DBCD4;
					};
					6B309D7A2752AAA4007DBCD4 = {
						CreatedOnToolsVersion = 13.1;
						TestTargetID = 6B309D5A2752AAA1007DBCD4;
					};
				};
			};
			buildConfigurationList = 6B309D562752AAA1007DBCD4 /* Build configuration list for PBXProject "ChallengeApp" */;
			compatibilityVersion = "Xcode 13.0";
			developmentRegion = en;
			hasScannedForEncodings = 0;
			knownRegions = (
				en,
				Base,
			);
			mainGroup = 6B309D522752AAA1007DBCD4;
			productRefGroup = 6B309D5C2752AAA1007DBCD4 /* Products */;
			projectDirPath = "";
			projectRoot = "";
			targets = (
				6B309D5A2752AAA1007DBCD4 /* ChallengeApp */,
				6B309D702752AAA4007DBCD4 /* ChallengeAppTests */,
				6B309D7A2752AAA4007DBCD4 /* ChallengeAppUITests */,
			);
		};
/* End PBXProject section */

/* Begin PBXResourcesBuildPhase section */
		6B309D592752AAA1007DBCD4 /* Resources */ = {
			isa = PBXResourcesBuildPhase;
			buildActionMask = 2147483647;
			files = (
				6B309D6B2752AAA4007DBCD4 /* LaunchScreen.storyboard in Resources */,
				6B309D682752AAA4007DBCD4 /* Assets.xcassets in Resources */,
				6B309D662752AAA1007DBCD4 /* Main.storyboard in Resources */,
			);
			runOnlyForDeploymentPostprocessing = 0;
		};
		6B309D6F2752AAA4007DBCD4 /* Resources */ = {
			isa = PBXResourcesBuildPhase;
			buildActionMask = 2147483647;
			files = (
			);
			runOnlyForDeploymentPostprocessing = 0;
		};
		6B309D792752AAA4007DBCD4 /* Resources */ = {
			isa = PBXResourcesBuildPhase;
			buildActionMask = 2147483647;
			files = (
			);
			runOnlyForDeploymentPostprocessing = 0;
		};
/* End PBXResourcesBuildPhase section */

/* Begin PBXSourcesBuildPhase section */
		6B309D572752AAA1007DBCD4 /* Sources */ = {
			isa = PBXSourcesBuildPhase;
			buildActionMask = 2147483647;
			files = (
				6B309D632752AAA1007DBCD4 /* ViewController.swift in Sources */,
				6B309D5F2752AAA1007DBCD4 /* AppDelegate.swift in Sources */,
				6B309D612752AAA1007DBCD4 /* SceneDelegate.swift in Sources */,
			);
			runOnlyForDeploymentPostprocessing = 0;
		};
		6B309D6D2752AAA4007DBCD4 /* Sources */ = {
			isa = PBXSourcesBuildPhase;
			buildActionMask = 2147483647;
			files = (
				6B309D762752AAA4007DBCD4 /* ChallengeAppTests.swift in Sources */,
			);
			runOnlyForDeploymentPostprocessing = 0;
		};
		6B309D772752AAA4007DBCD4 /* Sources */ = {
			isa = PBXSourcesBuildPhase;
			buildActionMask = 2147483647;
			files = (
				6B309D822752AAA4007DBCD4 /* ChallengeAppUITestsLaunchTests.swift in Sources */,
				6B309D802752AAA4007DBCD4 /* ChallengeAppUITests.swift in Sources */,
			);
			runOnlyForDeploymentPostprocessing = 0;
		};
/* End PBXSourcesBuildPhase section */

/* Begin PBXTargetDependency section */
		6B309D732752AAA4007DBCD4 /* PBXTargetDependency */ = {
			isa = PBXTargetDependency;
			target = 6B309D5A2752AAA1007DBCD4 /* ChallengeApp */;
			targetProxy = 6B309D722752AAA4007DBCD4 /* PBXContainerItemProxy */;
		};
		6B309D7D2752AAA4007DBCD4 /* PBXTargetDependency */ = {
			isa = PBXTargetDependency;
			target = 6B309D5A2752AAA1007DBCD4 /* ChallengeApp */;
			targetProxy = 6B309D7C2752AAA4007DBCD4 /* PBXContainerItemProxy */;
		};
/* End PBXTargetDependency section */

/* Begin PBXVariantGroup section */
		6B309D642752AAA1007DBCD4 /* Main.storyboard */ = {
			isa = PBXVariantGroup;
			children = (
				6B309D652752AAA1007DBCD4 /* Base */,
			);
			name = Main.storyboard;
			sourceTree = "<group>";
		};
		6B309D692752AAA4007DBCD4 /* LaunchScreen.storyboard */ = {
			isa = PBXVariantGroup;
			children = (
				6B309D6A2752AAA4007DBCD4 /* Base */,
			);
			name = LaunchScreen.storyboard;
			sourceTree = "<group>";
		};
/* End PBXVariantGroup section */

/* Begin XCBuildConfiguration section */
		6B309D832752AAA4007DBCD4 /* Debug */ = {
			isa = XCBuildConfiguration;
			buildSettings = {
				ALWAYS_SEARCH_USER_PATHS = NO;
				CLANG_ANALYZER_NONNULL = YES;
				CLANG_ANALYZER_NUMBER_OBJECT_CONVERSION = YES_AGGRESSIVE;
				CLANG_CXX_LANGUAGE_STANDARD = "gnu++17";
				CLANG_CXX_LIBRARY = "libc++";
				CLANG_ENABLE_MODULES = YES;
				CLANG_ENABLE_OBJC_ARC = YES;
				CLANG_ENABLE_OBJC_WEAK = YES;
				CLANG_WARN_BLOCK_CAPTURE_AUTORELEASING = YES;
				CLANG_WARN_BOOL_CONVERSION = YES;
				CLANG_WARN_COMMA = YES;
				CLANG_WARN_CONSTANT_CONVERSION = YES;
				CLANG_WARN_DEPRECATED_OBJC_IMPLEMENTATIONS = YES;
				CLANG_WARN_DIRECT_OBJC_ISA_USAGE = YES_ERROR;
				CLANG_WARN_DOCUMENTATION_COMMENTS = YES;
				CLANG_WARN_EMPTY_BODY = YES;
				CLANG_WARN_ENUM_CONVERSION = YES;
				CLANG_WARN_INFINITE_RECURSION = YES;
				CLANG_WARN_INT_CONVERSION = YES;
				CLANG_WARN_NON_LITERAL_NULL_CONVERSION = YES;
				CLANG_WARN_OBJC_IMPLICIT_RETAIN_SELF = YES;
				CLANG_WARN_OBJC_LITERAL_CONVERSION = YES;
				CLANG_WARN_OBJC_ROOT_CLASS = YES_ERROR;
				CLANG_WARN_QUOTED_INCLUDE_IN_FRAMEWORK_HEADER = YES;
				CLANG_WARN_RANGE_LOOP_ANALYSIS = YES;
				CLANG_WARN_STRICT_PROTOTYPES = YES;
				CLANG_WARN_SUSPICIOUS_MOVE = YES;
				CLANG_WARN_UNGUARDED_AVAILABILITY = YES_AGGRESSIVE;
				CLANG_WARN_UNREACHABLE_CODE = YES;
				CLANG_WARN__DUPLICATE_METHOD_MATCH = YES;
				COPY_PHASE_STRIP = NO;
				DEBUG_INFORMATION_FORMAT = dwarf;
				ENABLE_STRICT_OBJC_MSGSEND = YES;
				ENABLE_TESTABILITY = YES;
				GCC_C_LANGUAGE_STANDARD = gnu11;
				GCC_DYNAMIC_NO_PIC = NO;
				GCC_NO_COMMON_BLOCKS = YES;
				GCC_OPTIMIZATION_LEVEL = 0;
				GCC_PREPROCESSOR_DEFINITIONS = (
					"DEBUG=1",
					"$(inherited)",
				);
				GCC_WARN_64_TO_32_BIT_CONVERSION = YES;
				GCC_WARN_ABOUT_RETURN_TYPE = YES_ERROR;
				GCC_WARN_UNDECLARED_SELECTOR = YES;
				GCC_WARN_UNINITIALIZED_AUTOS = YES_AGGRESSIVE;
				GCC_WARN_UNUSED_FUNCTION = YES;
				GCC_WARN_UNUSED_VARIABLE = YES;
				IPHONEOS_DEPLOYMENT_TARGET = 15.0;
				MTL_ENABLE_DEBUG_INFO = INCLUDE_SOURCE;
				MTL_FAST_MATH = YES;
				ONLY_ACTIVE_ARCH = YES;
				SDKROOT = iphoneos;
				SWIFT_ACTIVE_COMPILATION_CONDITIONS = DEBUG;
				SWIFT_OPTIMIZATION_LEVEL = "-Onone";
			};
			name = Debug;
		};
		6B309D842752AAA4007DBCD4 /* Release */ = {
			isa = XCBuildConfiguration;
			buildSettings = {
				ALWAYS_SEARCH_USER_PATHS = NO;
				CLANG_ANALYZER_NONNULL = YES;
				CLANG_ANALYZER_NUMBER_OBJECT_CONVERSION = YES_AGGRESSIVE;
				CLANG_CXX_LANGUAGE_STANDARD = "gnu++17";
				CLANG_CXX_LIBRARY = "libc++";
				CLANG_ENABLE_MODULES = YES;
				CLANG_ENABLE_OBJC_ARC = YES;
				CLANG_ENABLE_OBJC_WEAK = YES;
				CLANG_WARN_BLOCK_CAPTURE_AUTORELEASING = YES;
				CLANG_WARN_BOOL_CONVERSION = YES;
				CLANG_WARN_COMMA = YES;
				CLANG_WARN_CONSTANT_CONVERSION = YES;
				CLANG_WARN_DEPRECATED_OBJC_IMPLEMENTATIONS = YES;
				CLANG_WARN_DIRECT_OBJC_ISA_USAGE = YES_ERROR;
				CLANG_WARN_DOCUMENTATION_COMMENTS = YES;
				CLANG_WARN_EMPTY_BODY = YES;
				CLANG_WARN_ENUM_CONVERSION = YES;
				CLANG_WARN_INFINITE_RECURSION = YES;
				CLANG_WARN_INT_CONVERSION = YES;
				CLANG_WARN_NON_LITERAL_NULL_CONVERSION = YES;
				CLANG_WARN_OBJC_IMPLICIT_RETAIN_SELF = YES;
				CLANG_WARN_OBJC_LITERAL_CONVERSION = YES;
				CLANG_WARN_OBJC_ROOT_CLASS = YES_ERROR;
				CLANG_WARN_QUOTED_INCLUDE_IN_FRAMEWORK_HEADER = YES;
				CLANG_WARN_RANGE_LOOP_ANALYSIS = YES;
				CLANG_WARN_STRICT_PROTOTYPES = YES;
				CLANG_WARN_SUSPICIOUS_MOVE = YES;
				CLANG_WARN_UNGUARDED_AVAILABILITY = YES_AGGRESSIVE;
				CLANG_WARN_UNREACHABLE_CODE = YES;
				CLANG_WARN__DUPLICATE_METHOD_MATCH = YES;
				COPY_PHASE_STRIP = NO;
				DEBUG_INFORMATION_FORMAT = "dwarf-with-dsym";
				ENABLE_NS_ASSERTIONS = NO;
				ENABLE_STRICT_OBJC_MSGSEND = YES;
				GCC_C_LANGUAGE_STANDARD = gnu11;
				GCC_NO_COMMON_BLOCKS = YES;
				GCC_WARN_64_TO_32_BIT_CONVERSION = YES;
				GCC_WARN_ABOUT_RETURN_TYPE = YES_ERROR;
				GCC_WARN_UNDECLARED_SELECTOR = YES;
				GCC_WARN_UNINITIALIZED_AUTOS = YES_AGGRESSIVE;
				GCC_WARN_UNUSED_FUNCTION = YES;
				GCC_WARN_UNUSED_VARIABLE = YES;
				IPHONEOS_DEPLOYMENT_TARGET = 15.0;
				MTL_ENABLE_DEBUG_INFO = NO;
				MTL_FAST_MATH = YES;
				SDKROOT = iphoneos;
				SWIFT_COMPILATION_MODE = wholemodule;
				SWIFT_OPTIMIZATION_LEVEL = "-O";
				VALIDATE_PRODUCT = YES;
			};
			name = Release;
		};
		6B309D862752AAA4007DBCD4 /* Debug */ = {
			isa = XCBuildConfiguration;
			buildSettings = {
				ASSETCATALOG_COMPILER_APPICON_NAME = AppIcon;
				ASSETCATALOG_COMPILER_GLOBAL_ACCENT_COLOR_NAME = AccentColor;
				CODE_SIGN_STYLE = Automatic;
				CURRENT_PROJECT_VERSION = 1;
				DEVELOPMENT_TEAM = 7RLGN32G3J;
				GENERATE_INFOPLIST_FILE = YES;
				INFOPLIST_FILE = ChallengeApp/Info.plist;
				INFOPLIST_KEY_UIApplicationSupportsIndirectInputEvents = YES;
				INFOPLIST_KEY_UILaunchStoryboardName = LaunchScreen;
				INFOPLIST_KEY_UIMainStoryboardFile = Main;
				INFOPLIST_KEY_UISupportedInterfaceOrientations_iPad = "UIInterfaceOrientationPortrait UIInterfaceOrientationPortraitUpsideDown UIInterfaceOrientationLandscapeLeft UIInterfaceOrientationLandscapeRight";
				INFOPLIST_KEY_UISupportedInterfaceOrientations_iPhone = "UIInterfaceOrientationPortrait UIInterfaceOrientationLandscapeLeft UIInterfaceOrientationLandscapeRight";
				LD_RUNPATH_SEARCH_PATHS = (
					"$(inherited)",
					"@executable_path/Frameworks",
				);
				MARKETING_VERSION = 1.0;
				PRODUCT_BUNDLE_IDENTIFIER = com.radoslaw.winkler.ChallengeApp;
				PRODUCT_NAME = "$(TARGET_NAME)";
				SWIFT_EMIT_LOC_STRINGS = YES;
				SWIFT_VERSION = 5.0;
				TARGETED_DEVICE_FAMILY = "1,2";
			};
			name = Debug;
		};
		6B309D872752AAA4007DBCD4 /* Release */ = {
			isa = XCBuildConfiguration;
			buildSettings = {
				ASSETCATALOG_COMPILER_APPICON_NAME = AppIcon;
				ASSETCATALOG_COMPILER_GLOBAL_ACCENT_COLOR_NAME = AccentColor;
				CODE_SIGN_STYLE = Automatic;
				CURRENT_PROJECT_VERSION = 1;
				DEVELOPMENT_TEAM = 7RLGN32G3J;
				GENERATE_INFOPLIST_FILE = YES;
				INFOPLIST_FILE = ChallengeApp/Info.plist;
				INFOPLIST_KEY_UIApplicationSupportsIndirectInputEvents = YES;
				INFOPLIST_KEY_UILaunchStoryboardName = LaunchScreen;
				INFOPLIST_KEY_UIMainStoryboardFile = Main;
				INFOPLIST_KEY_UISupportedInterfaceOrientations_iPad = "UIInterfaceOrientationPortrait UIInterfaceOrientationPortraitUpsideDown UIInterfaceOrientationLandscapeLeft UIInterfaceOrientationLandscapeRight";
				INFOPLIST_KEY_UISupportedInterfaceOrientations_iPhone = "UIInterfaceOrientationPortrait UIInterfaceOrientationLandscapeLeft UIInterfaceOrientationLandscapeRight";
				LD_RUNPATH_SEARCH_PATHS = (
					"$(inherited)",
					"@executable_path/Frameworks",
				);
				MARKETING_VERSION = 1.0;
				PRODUCT_BUNDLE_IDENTIFIER = com.radoslaw.winkler.ChallengeApp;
				PRODUCT_NAME = "$(TARGET_NAME)";
				SWIFT_EMIT_LOC_STRINGS = YES;
				SWIFT_VERSION = 5.0;
				TARGETED_DEVICE_FAMILY = "1,2";
			};
			name = Release;
		};
		6B309D892752AAA4007DBCD4 /* Debug */ = {
			isa = XCBuildConfiguration;
			buildSettings = {
				ALWAYS_EMBED_SWIFT_STANDARD_LIBRARIES = YES;
				BUNDLE_LOADER = "$(TEST_HOST)";
				CODE_SIGN_STYLE = Automatic;
				CURRENT_PROJECT_VERSION = 1;
				DEVELOPMENT_TEAM = 7RLGN32G3J;
				GENERATE_INFOPLIST_FILE = YES;
				IPHONEOS_DEPLOYMENT_TARGET = 15.0;
				LD_RUNPATH_SEARCH_PATHS = (
					"$(inherited)",
					"@executable_path/Frameworks",
					"@loader_path/Frameworks",
				);
				MARKETING_VERSION = 1.0;
				PRODUCT_BUNDLE_IDENTIFIER = com.radoslaw.winkler.ChallengeAppTests;
				PRODUCT_NAME = "$(TARGET_NAME)";
				SWIFT_EMIT_LOC_STRINGS = NO;
				SWIFT_VERSION = 5.0;
				TARGETED_DEVICE_FAMILY = "1,2";
				TEST_HOST = "$(BUILT_PRODUCTS_DIR)/ChallengeApp.app/ChallengeApp";
			};
			name = Debug;
		};
		6B309D8A2752AAA4007DBCD4 /* Release */ = {
			isa = XCBuildConfiguration;
			buildSettings = {
				ALWAYS_EMBED_SWIFT_STANDARD_LIBRARIES = YES;
				BUNDLE_LOADER = "$(TEST_HOST)";
				CODE_SIGN_STYLE = Automatic;
				CURRENT_PROJECT_VERSION = 1;
				DEVELOPMENT_TEAM = 7RLGN32G3J;
				GENERATE_INFOPLIST_FILE = YES;
				IPHONEOS_DEPLOYMENT_TARGET = 15.0;
				LD_RUNPATH_SEARCH_PATHS = (
					"$(inherited)",
					"@executable_path/Frameworks",
					"@loader_path/Frameworks",
				);
				MARKETING_VERSION = 1.0;
				PRODUCT_BUNDLE_IDENTIFIER = com.radoslaw.winkler.ChallengeAppTests;
				PRODUCT_NAME = "$(TARGET_NAME)";
				SWIFT_EMIT_LOC_STRINGS = NO;
				SWIFT_VERSION = 5.0;
				TARGETED_DEVICE_FAMILY = "1,2";
				TEST_HOST = "$(BUILT_PRODUCTS_DIR)/ChallengeApp.app/ChallengeApp";
			};
			name = Release;
		};
		6B309D8C2752AAA4007DBCD4 /* Debug */ = {
			isa = XCBuildConfiguration;
			buildSettings = {
				ALWAYS_EMBED_SWIFT_STANDARD_LIBRARIES = YES;
				CODE_SIGN_STYLE = Automatic;
				CURRENT_PROJECT_VERSION = 1;
				DEVELOPMENT_TEAM = 7RLGN32G3J;
				GENERATE_INFOPLIST_FILE = YES;
				LD_RUNPATH_SEARCH_PATHS = (
					"$(inherited)",
					"@executable_path/Frameworks",
					"@loader_path/Frameworks",
				);
				MARKETING_VERSION = 1.0;
				PRODUCT_BUNDLE_IDENTIFIER = com.radoslaw.winkler.ChallengeAppUITests;
				PRODUCT_NAME = "$(TARGET_NAME)";
				SWIFT_EMIT_LOC_STRINGS = NO;
				SWIFT_VERSION = 5.0;
				TARGETED_DEVICE_FAMILY = "1,2";
				TEST_TARGET_NAME = ChallengeApp;
			};
			name = Debug;
		};
		6B309D8D2752AAA4007DBCD4 /* Release */ = {
			isa = XCBuildConfiguration;
			buildSettings = {
				ALWAYS_EMBED_SWIFT_STANDARD_LIBRARIES = YES;
				CODE_SIGN_STYLE = Automatic;
				CURRENT_PROJECT_VERSION = 1;
				DEVELOPMENT_TEAM = 7RLGN32G3J;
				GENERATE_INFOPLIST_FILE = YES;
				LD_RUNPATH_SEARCH_PATHS = (
					"$(inherited)",
					"@executable_path/Frameworks",
					"@loader_path/Frameworks",
				);
				MARKETING_VERSION = 1.0;
				PRODUCT_BUNDLE_IDENTIFIER = com.radoslaw.winkler.ChallengeAppUITests;
				PRODUCT_NAME = "$(TARGET_NAME)";
				SWIFT_EMIT_LOC_STRINGS = NO;
				SWIFT_VERSION = 5.0;
				TARGETED_DEVICE_FAMILY = "1,2";
				TEST_TARGET_NAME = ChallengeApp;
			};
			name = Release;
		};
/* End XCBuildConfiguration section */

/* Begin XCConfigurationList section */
		6B309D562752AAA1007DBCD4 /* Build configuration list for PBXProject "ChallengeApp" */ = {
			isa = XCConfigurationList;
			buildConfigurations = (
				6B309D832752AAA4007DBCD4 /* Debug */,
				6B309D842752AAA4007DBCD4 /* Release */,
			);
			defaultConfigurationIsVisible = 0;
			defaultConfigurationName = Release;
		};
		6B309D852752AAA4007DBCD4 /* Build configuration list for PBXNativeTarget "ChallengeApp" */ = {
			isa = XCConfigurationList;
			buildConfigurations = (
				6B309D862752AAA4007DBCD4 /* Debug */,
				6B309D872752AAA4007DBCD4 /* Release */,
			);
			defaultConfigurationIsVisible = 0;
			defaultConfigurationName = Release;
		};
		6B309D882752AAA4007DBCD4 /* Build configuration list for PBXNativeTarget "ChallengeAppTests" */ = {
			isa = XCConfigurationList;
			buildConfigurations = (
				6B309D892752AAA4007DBCD4 /* Debug */,
				6B309D8A2752AAA4007DBCD4 /* Release */,
			);
			defaultConfigurationIsVisible = 0;
			defaultConfigurationName = Release;
		};
		6B309D8B2752AAA4007DBCD4 /* Build configuration list for PBXNativeTarget "ChallengeAppUITests" */ = {
			isa = XCConfigurationList;
			buildConfigurations = (
				6B309D8C2752AAA4007DBCD4 /* Debug */,
				6B309D8D2752AAA4007DBCD4 /* Release */,
			);
			defaultConfigurationIsVisible = 0;
			defaultConfigurationName = Release;
		};
/* End XCConfigurationList section */
	};
	rootObject = 6B309D532752AAA1007DBCD4 /* Project object */;
}
